
Microsoft Visual Studio Solution File, Format Version 12.00
Project("{FAE04EC0-301F-11D3-BF4B-00C04F79EFBC}") = "JotaNunes.Api", "JotaNunes.Api\JotaNunes.Api.csproj", "{D894C895-A32E-4AF5-A854-E7A09E5D3B20}"
EndProject
Project("{FAE04EC0-301F-11D3-BF4B-00C04F79EFBC}") = "JotaNunes.Application", "JotaNunes.Application\JotaNunes.Application.csproj", "{C139CEB3-23F6-407C-A63B-BA74BE1D9F39}"
EndProject
Project("{FAE04EC0-301F-11D3-BF4B-00C04F79EFBC}") = "JotaNunes.Domain", "JotaNunes.Domain\JotaNunes.Domain.csproj", "{39BABB82-32E2-4127-9BA5-BE5A0762B82D}"
EndProject
Project("{FAE04EC0-301F-11D3-BF4B-00C04F79EFBC}") = "JotaNunes.Infrastructure.Data", "JotaNunes.Infrastructure.Data\JotaNunes.Infrastructure.Data.csproj", "{E68B0732-EA95-4DE9-A1B8-649E476CF686}"
EndProject
Global
	GlobalSection(SolutionConfigurationPlatforms) = preSolution
		Debug|Any CPU = Debug|Any CPU
		Release|Any CPU = Release|Any CPU
	EndGlobalSection
	GlobalSection(ProjectConfigurationPlatforms) = postSolution
		{D894C895-A32E-4AF5-A854-E7A09E5D3B20}.Debug|Any CPU.ActiveCfg = Debug|Any CPU
		{D894C895-A32E-4AF5-A854-E7A09E5D3B20}.Debug|Any CPU.Build.0 = Debug|Any CPU
		{D894C895-A32E-4AF5-A854-E7A09E5D3B20}.Release|Any CPU.ActiveCfg = Release|Any CPU
		{D894C895-A32E-4AF5-A854-E7A09E5D3B20}.Release|Any CPU.Build.0 = Release|Any CPU
		{C139CEB3-23F6-407C-A63B-BA74BE1D9F39}.Debug|Any CPU.ActiveCfg = Debug|Any CPU
		{C139CEB3-23F6-407C-A63B-BA74BE1D9F39}.Debug|Any CPU.Build.0 = Debug|Any CPU
		{C139CEB3-23F6-407C-A63B-BA74BE1D9F39}.Release|Any CPU.ActiveCfg = Release|Any CPU
		{C139CEB3-23F6-407C-A63B-BA74BE1D9F39}.Release|Any CPU.Build.0 = Release|Any CPU
		{39BABB82-32E2-4127-9BA5-BE5A0762B82D}.Debug|Any CPU.ActiveCfg = Debug|Any CPU
		{39BABB82-32E2-4127-9BA5-BE5A0762B82D}.Debug|Any CPU.Build.0 = Debug|Any CPU
		{39BABB82-32E2-4127-9BA5-BE5A0762B82D}.Release|Any CPU.ActiveCfg = Release|Any CPU
		{39BABB82-32E2-4127-9BA5-BE5A0762B82D}.Release|Any CPU.Build.0 = Release|Any CPU
		{E68B0732-EA95-4DE9-A1B8-649E476CF686}.Debug|Any CPU.ActiveCfg = Debug|Any CPU
		{E68B0732-EA95-4DE9-A1B8-649E476CF686}.Debug|Any CPU.Build.0 = Debug|Any CPU
		{E68B0732-EA95-4DE9-A1B8-649E476CF686}.Release|Any CPU.ActiveCfg = Release|Any CPU
		{E68B0732-EA95-4DE9-A1B8-649E476CF686}.Release|Any CPU.Build.0 = Release|Any CPU
	EndGlobalSection
EndGlobal
